// !$*UTF8*$!
{
	archiveVersion = 1;
	classes = {
	};
	objectVersion = 56;
	objects = {

/* Begin PBXBuildFile section */
		561741E62A7F72CA00A236A9 /* ExchangeCurrency.swift in Sources */ = {isa = PBXBuildFile; fileRef = 561741E52A7F72CA00A236A9 /* ExchangeCurrency.swift */; };
		561741E82A7F956200A236A9 /* ExchangeCurrencyView.swift in Sources */ = {isa = PBXBuildFile; fileRef = 561741E72A7F956200A236A9 /* ExchangeCurrencyView.swift */; };
		5648BE232A8C089400F516F8 /* PinCodeViewController.swift in Sources */ = {isa = PBXBuildFile; fileRef = 5648BE222A8C089400F516F8 /* PinCodeViewController.swift */; };
		564D64962A5F1A57007DF726 /* AppDelegate.swift in Sources */ = {isa = PBXBuildFile; fileRef = 564D64952A5F1A57007DF726 /* AppDelegate.swift */; };
		564D64982A5F1A57007DF726 /* SceneDelegate.swift in Sources */ = {isa = PBXBuildFile; fileRef = 564D64972A5F1A57007DF726 /* SceneDelegate.swift */; };
		564D649A2A5F1A57007DF726 /* WelcomeViewContorller.swift in Sources */ = {isa = PBXBuildFile; fileRef = 564D64992A5F1A57007DF726 /* WelcomeViewContorller.swift */; };
		564D649F2A5F1A58007DF726 /* Assets.xcassets in Resources */ = {isa = PBXBuildFile; fileRef = 564D649E2A5F1A58007DF726 /* Assets.xcassets */; };
		564D64A22A5F1A58007DF726 /* LaunchScreen.storyboard in Resources */ = {isa = PBXBuildFile; fileRef = 564D64A02A5F1A58007DF726 /* LaunchScreen.storyboard */; };
		568531242A925AB1009FE7DD /* pinCodeView.swift in Sources */ = {isa = PBXBuildFile; fileRef = 568531232A925AB1009FE7DD /* pinCodeView.swift */; };
		568531262A975550009FE7DD /* LabelSpacingLetters.swift in Sources */ = {isa = PBXBuildFile; fileRef = 568531252A975550009FE7DD /* LabelSpacingLetters.swift */; };
		5685314D2AA71268009FE7DD /* CardUserData.swift in Sources */ = {isa = PBXBuildFile; fileRef = 5685314C2AA71268009FE7DD /* CardUserData.swift */; };
		568531732AA78491009FE7DD /* EnterLoginViewController.swift in Sources */ = {isa = PBXBuildFile; fileRef = 568531722AA78491009FE7DD /* EnterLoginViewController.swift */; };
		568531752AA78D51009FE7DD /* EnterRegistrationViewController.swift in Sources */ = {isa = PBXBuildFile; fileRef = 568531742AA78D51009FE7DD /* EnterRegistrationViewController.swift */; };
		56A1063D2A8171580076FA99 /* CardInfoViewController.swift in Sources */ = {isa = PBXBuildFile; fileRef = 56A1063C2A8171580076FA99 /* CardInfoViewController.swift */; };
		56A1063F2A8173930076FA99 /* CardInfoView.swift in Sources */ = {isa = PBXBuildFile; fileRef = 56A1063E2A8173930076FA99 /* CardInfoView.swift */; };
		56A106412A817B060076FA99 /* RecentTransactionTableViewCell.swift in Sources */ = {isa = PBXBuildFile; fileRef = 56A106402A817B060076FA99 /* RecentTransactionTableViewCell.swift */; };
		56A106432A84EEA90076FA99 /* HomeViewController.swift in Sources */ = {isa = PBXBuildFile; fileRef = 56A106422A84EEA90076FA99 /* HomeViewController.swift */; };
		56A106452A854D1D0076FA99 /* SettingViewController.swift in Sources */ = {isa = PBXBuildFile; fileRef = 56A106442A854D1D0076FA99 /* SettingViewController.swift */; };
		56A106472A85F2DF0076FA99 /* CardsViewController.swift in Sources */ = {isa = PBXBuildFile; fileRef = 56A106462A85F2DF0076FA99 /* CardsViewController.swift */; };
		56A106492A85F5990076FA99 /* littleCardsViews.swift in Sources */ = {isa = PBXBuildFile; fileRef = 56A106482A85F5990076FA99 /* littleCardsViews.swift */; };
		56A62BF02A5F2990003803DF /* gradiantExtension.swift in Sources */ = {isa = PBXBuildFile; fileRef = 56A62BEF2A5F2990003803DF /* gradiantExtension.swift */; };
		56A62BF22A606115003803DF /* GradiantColorExtensions.swift in Sources */ = {isa = PBXBuildFile; fileRef = 56A62BF12A606115003803DF /* GradiantColorExtensions.swift */; };
		56A62BF52A6075AB003803DF /* RegistrationController.swift in Sources */ = {isa = PBXBuildFile; fileRef = 56A62BF42A6075AB003803DF /* RegistrationController.swift */; };
		56A62C0B2A607B9F003803DF /* PlusJakartaSans-Italic-VariableFont_wght.ttf in Resources */ = {isa = PBXBuildFile; fileRef = 56A62BF82A607B9F003803DF /* PlusJakartaSans-Italic-VariableFont_wght.ttf */; };
		56A62C0C2A607B9F003803DF /* PlusJakartaSans-MediumItalic.ttf in Resources */ = {isa = PBXBuildFile; fileRef = 56A62BFA2A607B9F003803DF /* PlusJakartaSans-MediumItalic.ttf */; };
		56A62C0D2A607B9F003803DF /* PlusJakartaSans-Light.ttf in Resources */ = {isa = PBXBuildFile; fileRef = 56A62BFB2A607B9F003803DF /* PlusJakartaSans-Light.ttf */; };
		56A62C0E2A607B9F003803DF /* PlusJakartaSans-Medium.ttf in Resources */ = {isa = PBXBuildFile; fileRef = 56A62BFC2A607B9F003803DF /* PlusJakartaSans-Medium.ttf */; };
		56A62C0F2A607B9F003803DF /* PlusJakartaSans-ExtraBoldItalic.ttf in Resources */ = {isa = PBXBuildFile; fileRef = 56A62BFD2A607B9F003803DF /* PlusJakartaSans-ExtraBoldItalic.ttf */; };
		56A62C102A607B9F003803DF /* PlusJakartaSans-SemiBold.ttf in Resources */ = {isa = PBXBuildFile; fileRef = 56A62BFE2A607B9F003803DF /* PlusJakartaSans-SemiBold.ttf */; };
		56A62C112A607B9F003803DF /* PlusJakartaSans-SemiBoldItalic.ttf in Resources */ = {isa = PBXBuildFile; fileRef = 56A62BFF2A607B9F003803DF /* PlusJakartaSans-SemiBoldItalic.ttf */; };
		56A62C122A607B9F003803DF /* PlusJakartaSans-ExtraLightItalic.ttf in Resources */ = {isa = PBXBuildFile; fileRef = 56A62C002A607B9F003803DF /* PlusJakartaSans-ExtraLightItalic.ttf */; };
		56A62C132A607B9F003803DF /* PlusJakartaSans-Regular.ttf in Resources */ = {isa = PBXBuildFile; fileRef = 56A62C012A607B9F003803DF /* PlusJakartaSans-Regular.ttf */; };
		56A62C142A607B9F003803DF /* PlusJakartaSans-LightItalic.ttf in Resources */ = {isa = PBXBuildFile; fileRef = 56A62C022A607B9F003803DF /* PlusJakartaSans-LightItalic.ttf */; };
		56A62C152A607B9F003803DF /* PlusJakartaSans-Bold.ttf in Resources */ = {isa = PBXBuildFile; fileRef = 56A62C032A607B9F003803DF /* PlusJakartaSans-Bold.ttf */; };
		56A62C162A607B9F003803DF /* PlusJakartaSans-ExtraLight.ttf in Resources */ = {isa = PBXBuildFile; fileRef = 56A62C042A607B9F003803DF /* PlusJakartaSans-ExtraLight.ttf */; };
		56A62C172A607B9F003803DF /* PlusJakartaSans-ExtraBold.ttf in Resources */ = {isa = PBXBuildFile; fileRef = 56A62C052A607B9F003803DF /* PlusJakartaSans-ExtraBold.ttf */; };
		56A62C182A607B9F003803DF /* PlusJakartaSans-Italic.ttf in Resources */ = {isa = PBXBuildFile; fileRef = 56A62C062A607B9F003803DF /* PlusJakartaSans-Italic.ttf */; };
		56A62C192A607B9F003803DF /* PlusJakartaSans-BoldItalic.ttf in Resources */ = {isa = PBXBuildFile; fileRef = 56A62C072A607B9F003803DF /* PlusJakartaSans-BoldItalic.ttf */; };
		56A62C1C2A607B9F003803DF /* PlusJakartaSans-VariableFont_wght.ttf in Resources */ = {isa = PBXBuildFile; fileRef = 56A62C0A2A607B9F003803DF /* PlusJakartaSans-VariableFont_wght.ttf */; };
		56A62C1E2A63C87D003803DF /* LoginViewController.swift in Sources */ = {isa = PBXBuildFile; fileRef = 56A62C1D2A63C87D003803DF /* LoginViewController.swift */; };
		56A62C202A63F444003803DF /* LoginAndEmailViewController.swift in Sources */ = {isa = PBXBuildFile; fileRef = 56A62C1F2A63F444003803DF /* LoginAndEmailViewController.swift */; };
		56A62C222A63F4F3003803DF /* PasswordChangedViewController.swift in Sources */ = {isa = PBXBuildFile; fileRef = 56A62C212A63F4F3003803DF /* PasswordChangedViewController.swift */; };
		56A62C242A642A3D003803DF /* CreateAccountViewController.swift in Sources */ = {isa = PBXBuildFile; fileRef = 56A62C232A642A3D003803DF /* CreateAccountViewController.swift */; };
		56A62C262A642C63003803DF /* PassViewController.swift in Sources */ = {isa = PBXBuildFile; fileRef = 56A62C252A642C63003803DF /* PassViewController.swift */; };
		56A62C292A642F67003803DF /* WecomePageViewCobtroller.swift in Sources */ = {isa = PBXBuildFile; fileRef = 56A62C282A642F67003803DF /* WecomePageViewCobtroller.swift */; };
		56A62C2B2A72598F003803DF /* WelcomeToExchangeViewController.swift in Sources */ = {isa = PBXBuildFile; fileRef = 56A62C2A2A72598F003803DF /* WelcomeToExchangeViewController.swift */; };
		56A62C2D2A725A73003803DF /* TermsAndConditionsViewController.swift in Sources */ = {isa = PBXBuildFile; fileRef = 56A62C2C2A725A73003803DF /* TermsAndConditionsViewController.swift */; };
		56A62C2F2A72600E003803DF /* PaddingLabel.swift in Sources */ = {isa = PBXBuildFile; fileRef = 56A62C2E2A72600E003803DF /* PaddingLabel.swift */; };
		56A62C312A7536F8003803DF /* CheckBoxButton.swift in Sources */ = {isa = PBXBuildFile; fileRef = 56A62C302A7536F8003803DF /* CheckBoxButton.swift */; };
		56A62C332A754D0B003803DF /* LoadingViewController.swift in Sources */ = {isa = PBXBuildFile; fileRef = 56A62C322A754D0B003803DF /* LoadingViewController.swift */; };
		56A62C362A7632B9003803DF /* ErrorViewController.swift in Sources */ = {isa = PBXBuildFile; fileRef = 56A62C352A7632B9003803DF /* ErrorViewController.swift */; };
		56A62C3A2A763B88003803DF /* MainToolBarViewController.swift in Sources */ = {isa = PBXBuildFile; fileRef = 56A62C392A763B88003803DF /* MainToolBarViewController.swift */; };
		56A62C3D2A764D10003803DF /* AddNewCardViewController.swift in Sources */ = {isa = PBXBuildFile; fileRef = 56A62C3C2A764D10003803DF /* AddNewCardViewController.swift */; };
		56A62C402A76697A003803DF /* CardView.swift in Sources */ = {isa = PBXBuildFile; fileRef = 56A62C3F2A76697A003803DF /* CardView.swift */; };
		56A62C482A769951003803DF /* Poppins-SemiBold.ttf in Resources */ = {isa = PBXBuildFile; fileRef = 56A62C462A769951003803DF /* Poppins-SemiBold.ttf */; };
		56A62C492A769951003803DF /* Poppins-Medium.ttf in Resources */ = {isa = PBXBuildFile; fileRef = 56A62C472A769951003803DF /* Poppins-Medium.ttf */; };
		56A62C4B2A769C67003803DF /* Poppins-Regular.ttf in Resources */ = {isa = PBXBuildFile; fileRef = 56A62C4A2A769C67003803DF /* Poppins-Regular.ttf */; };
/* End PBXBuildFile section */

/* Begin PBXFileReference section */
		561741E52A7F72CA00A236A9 /* ExchangeCurrency.swift */ = {isa = PBXFileReference; lastKnownFileType = sourcecode.swift; path = ExchangeCurrency.swift; sourceTree = "<group>"; };
		561741E72A7F956200A236A9 /* ExchangeCurrencyView.swift */ = {isa = PBXFileReference; lastKnownFileType = sourcecode.swift; path = ExchangeCurrencyView.swift; sourceTree = "<group>"; };
		5648BE222A8C089400F516F8 /* PinCodeViewController.swift */ = {isa = PBXFileReference; lastKnownFileType = sourcecode.swift; path = PinCodeViewController.swift; sourceTree = "<group>"; };
		564D64922A5F1A57007DF726 /* EuroExchange.app */ = {isa = PBXFileReference; explicitFileType = wrapper.application; includeInIndex = 0; path = EuroExchange.app; sourceTree = BUILT_PRODUCTS_DIR; };
		564D64952A5F1A57007DF726 /* AppDelegate.swift */ = {isa = PBXFileReference; lastKnownFileType = sourcecode.swift; path = AppDelegate.swift; sourceTree = "<group>"; };
		564D64972A5F1A57007DF726 /* SceneDelegate.swift */ = {isa = PBXFileReference; lastKnownFileType = sourcecode.swift; path = SceneDelegate.swift; sourceTree = "<group>"; };
		564D64992A5F1A57007DF726 /* WelcomeViewContorller.swift */ = {isa = PBXFileReference; lastKnownFileType = sourcecode.swift; path = WelcomeViewContorller.swift; sourceTree = "<group>"; };
		564D649E2A5F1A58007DF726 /* Assets.xcassets */ = {isa = PBXFileReference; lastKnownFileType = folder.assetcatalog; path = Assets.xcassets; sourceTree = "<group>"; };
		564D64A12A5F1A58007DF726 /* Base */ = {isa = PBXFileReference; lastKnownFileType = file.storyboard; name = Base; path = Base.lproj/LaunchScreen.storyboard; sourceTree = "<group>"; };
		564D64A32A5F1A58007DF726 /* Info.plist */ = {isa = PBXFileReference; lastKnownFileType = text.plist.xml; path = Info.plist; sourceTree = "<group>"; };
		568531232A925AB1009FE7DD /* pinCodeView.swift */ = {isa = PBXFileReference; lastKnownFileType = sourcecode.swift; path = pinCodeView.swift; sourceTree = "<group>"; };
		568531252A975550009FE7DD /* LabelSpacingLetters.swift */ = {isa = PBXFileReference; lastKnownFileType = sourcecode.swift; path = LabelSpacingLetters.swift; sourceTree = "<group>"; };
		5685314C2AA71268009FE7DD /* CardUserData.swift */ = {isa = PBXFileReference; lastKnownFileType = sourcecode.swift; path = CardUserData.swift; sourceTree = "<group>"; };
		568531722AA78491009FE7DD /* EnterLoginViewController.swift */ = {isa = PBXFileReference; lastKnownFileType = sourcecode.swift; path = EnterLoginViewController.swift; sourceTree = "<group>"; };
		568531742AA78D51009FE7DD /* EnterRegistrationViewController.swift */ = {isa = PBXFileReference; lastKnownFileType = sourcecode.swift; path = EnterRegistrationViewController.swift; sourceTree = "<group>"; };
		56A1063C2A8171580076FA99 /* CardInfoViewController.swift */ = {isa = PBXFileReference; lastKnownFileType = sourcecode.swift; path = CardInfoViewController.swift; sourceTree = "<group>"; };
		56A1063E2A8173930076FA99 /* CardInfoView.swift */ = {isa = PBXFileReference; lastKnownFileType = sourcecode.swift; path = CardInfoView.swift; sourceTree = "<group>"; };
		56A106402A817B060076FA99 /* RecentTransactionTableViewCell.swift */ = {isa = PBXFileReference; lastKnownFileType = sourcecode.swift; path = RecentTransactionTableViewCell.swift; sourceTree = "<group>"; };
		56A106422A84EEA90076FA99 /* HomeViewController.swift */ = {isa = PBXFileReference; lastKnownFileType = sourcecode.swift; path = HomeViewController.swift; sourceTree = "<group>"; };
		56A106442A854D1D0076FA99 /* SettingViewController.swift */ = {isa = PBXFileReference; lastKnownFileType = sourcecode.swift; path = SettingViewController.swift; sourceTree = "<group>"; };
		56A106462A85F2DF0076FA99 /* CardsViewController.swift */ = {isa = PBXFileReference; lastKnownFileType = sourcecode.swift; path = CardsViewController.swift; sourceTree = "<group>"; };
		56A106482A85F5990076FA99 /* littleCardsViews.swift */ = {isa = PBXFileReference; lastKnownFileType = sourcecode.swift; path = littleCardsViews.swift; sourceTree = "<group>"; };
		56A62BEF2A5F2990003803DF /* gradiantExtension.swift */ = {isa = PBXFileReference; lastKnownFileType = sourcecode.swift; path = gradiantExtension.swift; sourceTree = "<group>"; };
		56A62BF12A606115003803DF /* GradiantColorExtensions.swift */ = {isa = PBXFileReference; lastKnownFileType = sourcecode.swift; path = GradiantColorExtensions.swift; sourceTree = "<group>"; };
		56A62BF42A6075AB003803DF /* RegistrationController.swift */ = {isa = PBXFileReference; lastKnownFileType = sourcecode.swift; path = RegistrationController.swift; sourceTree = "<group>"; };
		56A62BF82A607B9F003803DF /* PlusJakartaSans-Italic-VariableFont_wght.ttf */ = {isa = PBXFileReference; lastKnownFileType = file; path = "PlusJakartaSans-Italic-VariableFont_wght.ttf"; sourceTree = "<group>"; };
		56A62BFA2A607B9F003803DF /* PlusJakartaSans-MediumItalic.ttf */ = {isa = PBXFileReference; lastKnownFileType = file; path = "PlusJakartaSans-MediumItalic.ttf"; sourceTree = "<group>"; };
		56A62BFB2A607B9F003803DF /* PlusJakartaSans-Light.ttf */ = {isa = PBXFileReference; lastKnownFileType = file; path = "PlusJakartaSans-Light.ttf"; sourceTree = "<group>"; };
		56A62BFC2A607B9F003803DF /* PlusJakartaSans-Medium.ttf */ = {isa = PBXFileReference; lastKnownFileType = file; path = "PlusJakartaSans-Medium.ttf"; sourceTree = "<group>"; };
		56A62BFD2A607B9F003803DF /* PlusJakartaSans-ExtraBoldItalic.ttf */ = {isa = PBXFileReference; lastKnownFileType = file; path = "PlusJakartaSans-ExtraBoldItalic.ttf"; sourceTree = "<group>"; };
		56A62BFE2A607B9F003803DF /* PlusJakartaSans-SemiBold.ttf */ = {isa = PBXFileReference; lastKnownFileType = file; path = "PlusJakartaSans-SemiBold.ttf"; sourceTree = "<group>"; };
		56A62BFF2A607B9F003803DF /* PlusJakartaSans-SemiBoldItalic.ttf */ = {isa = PBXFileReference; lastKnownFileType = file; path = "PlusJakartaSans-SemiBoldItalic.ttf"; sourceTree = "<group>"; };
		56A62C002A607B9F003803DF /* PlusJakartaSans-ExtraLightItalic.ttf */ = {isa = PBXFileReference; lastKnownFileType = file; path = "PlusJakartaSans-ExtraLightItalic.ttf"; sourceTree = "<group>"; };
		56A62C012A607B9F003803DF /* PlusJakartaSans-Regular.ttf */ = {isa = PBXFileReference; lastKnownFileType = file; path = "PlusJakartaSans-Regular.ttf"; sourceTree = "<group>"; };
		56A62C022A607B9F003803DF /* PlusJakartaSans-LightItalic.ttf */ = {isa = PBXFileReference; lastKnownFileType = file; path = "PlusJakartaSans-LightItalic.ttf"; sourceTree = "<group>"; };
		56A62C032A607B9F003803DF /* PlusJakartaSans-Bold.ttf */ = {isa = PBXFileReference; lastKnownFileType = file; path = "PlusJakartaSans-Bold.ttf"; sourceTree = "<group>"; };
		56A62C042A607B9F003803DF /* PlusJakartaSans-ExtraLight.ttf */ = {isa = PBXFileReference; lastKnownFileType = file; path = "PlusJakartaSans-ExtraLight.ttf"; sourceTree = "<group>"; };
		56A62C052A607B9F003803DF /* PlusJakartaSans-ExtraBold.ttf */ = {isa = PBXFileReference; lastKnownFileType = file; path = "PlusJakartaSans-ExtraBold.ttf"; sourceTree = "<group>"; };
		56A62C062A607B9F003803DF /* PlusJakartaSans-Italic.ttf */ = {isa = PBXFileReference; lastKnownFileType = file; path = "PlusJakartaSans-Italic.ttf"; sourceTree = "<group>"; };
		56A62C072A607B9F003803DF /* PlusJakartaSans-BoldItalic.ttf */ = {isa = PBXFileReference; lastKnownFileType = file; path = "PlusJakartaSans-BoldItalic.ttf"; sourceTree = "<group>"; };
		56A62C0A2A607B9F003803DF /* PlusJakartaSans-VariableFont_wght.ttf */ = {isa = PBXFileReference; lastKnownFileType = file; path = "PlusJakartaSans-VariableFont_wght.ttf"; sourceTree = "<group>"; };
		56A62C1D2A63C87D003803DF /* LoginViewController.swift */ = {isa = PBXFileReference; lastKnownFileType = sourcecode.swift; path = LoginViewController.swift; sourceTree = "<group>"; };
		56A62C1F2A63F444003803DF /* LoginAndEmailViewController.swift */ = {isa = PBXFileReference; lastKnownFileType = sourcecode.swift; path = LoginAndEmailViewController.swift; sourceTree = "<group>"; };
		56A62C212A63F4F3003803DF /* PasswordChangedViewController.swift */ = {isa = PBXFileReference; lastKnownFileType = sourcecode.swift; path = PasswordChangedViewController.swift; sourceTree = "<group>"; };
		56A62C232A642A3D003803DF /* CreateAccountViewController.swift */ = {isa = PBXFileReference; lastKnownFileType = sourcecode.swift; path = CreateAccountViewController.swift; sourceTree = "<group>"; };
		56A62C252A642C63003803DF /* PassViewController.swift */ = {isa = PBXFileReference; lastKnownFileType = sourcecode.swift; path = PassViewController.swift; sourceTree = "<group>"; };
		56A62C282A642F67003803DF /* WecomePageViewCobtroller.swift */ = {isa = PBXFileReference; lastKnownFileType = sourcecode.swift; path = WecomePageViewCobtroller.swift; sourceTree = "<group>"; };
		56A62C2A2A72598F003803DF /* WelcomeToExchangeViewController.swift */ = {isa = PBXFileReference; lastKnownFileType = sourcecode.swift; path = WelcomeToExchangeViewController.swift; sourceTree = "<group>"; };
		56A62C2C2A725A73003803DF /* TermsAndConditionsViewController.swift */ = {isa = PBXFileReference; lastKnownFileType = sourcecode.swift; path = TermsAndConditionsViewController.swift; sourceTree = "<group>"; };
		56A62C2E2A72600E003803DF /* PaddingLabel.swift */ = {isa = PBXFileReference; lastKnownFileType = sourcecode.swift; path = PaddingLabel.swift; sourceTree = "<group>"; };
		56A62C302A7536F8003803DF /* CheckBoxButton.swift */ = {isa = PBXFileReference; lastKnownFileType = sourcecode.swift; path = CheckBoxButton.swift; sourceTree = "<group>"; };
		56A62C322A754D0B003803DF /* LoadingViewController.swift */ = {isa = PBXFileReference; lastKnownFileType = sourcecode.swift; path = LoadingViewController.swift; sourceTree = "<group>"; };
		56A62C352A7632B9003803DF /* ErrorViewController.swift */ = {isa = PBXFileReference; lastKnownFileType = sourcecode.swift; path = ErrorViewController.swift; sourceTree = "<group>"; };
		56A62C392A763B88003803DF /* MainToolBarViewController.swift */ = {isa = PBXFileReference; lastKnownFileType = sourcecode.swift; path = MainToolBarViewController.swift; sourceTree = "<group>"; };
		56A62C3C2A764D10003803DF /* AddNewCardViewController.swift */ = {isa = PBXFileReference; lastKnownFileType = sourcecode.swift; path = AddNewCardViewController.swift; sourceTree = "<group>"; };
		56A62C3F2A76697A003803DF /* CardView.swift */ = {isa = PBXFileReference; lastKnownFileType = sourcecode.swift; path = CardView.swift; sourceTree = "<group>"; };
		56A62C462A769951003803DF /* Poppins-SemiBold.ttf */ = {isa = PBXFileReference; lastKnownFileType = file; path = "Poppins-SemiBold.ttf"; sourceTree = "<group>"; };
		56A62C472A769951003803DF /* Poppins-Medium.ttf */ = {isa = PBXFileReference; lastKnownFileType = file; path = "Poppins-Medium.ttf"; sourceTree = "<group>"; };
		56A62C4A2A769C67003803DF /* Poppins-Regular.ttf */ = {isa = PBXFileReference; lastKnownFileType = file; path = "Poppins-Regular.ttf"; sourceTree = "<group>"; };
/* End PBXFileReference section */

/* Begin PBXFrameworksBuildPhase section */
		564D648F2A5F1A57007DF726 /* Frameworks */ = {
			isa = PBXFrameworksBuildPhase;
			buildActionMask = 2147483647;
			files = (
			);
			runOnlyForDeploymentPostprocessing = 0;
		};
/* End PBXFrameworksBuildPhase section */

/* Begin PBXGroup section */
		564D64892A5F1A57007DF726 = {
			isa = PBXGroup;
			children = (
				564D64942A5F1A57007DF726 /* EuroExchange */,
				564D64932A5F1A57007DF726 /* Products */,
			);
			sourceTree = "<group>";
		};
		564D64932A5F1A57007DF726 /* Products */ = {
			isa = PBXGroup;
			children = (
				564D64922A5F1A57007DF726 /* EuroExchange.app */,
			);
			name = Products;
			sourceTree = "<group>";
		};
		564D64942A5F1A57007DF726 /* EuroExchange */ = {
			isa = PBXGroup;
			children = (
				5685314B2AA71252009FE7DD /* Model */,
				56A62C3E2A76696D003803DF /* Views */,
				56A62BEE2A5F297A003803DF /* Extension */,
				564D64AA2A5F1AD9007DF726 /* other */,
				564D64A92A5F1ACD007DF726 /* Controllers */,
				564D64AB2A5F1AF4007DF726 /* Resources */,
				564D64A32A5F1A58007DF726 /* Info.plist */,
			);
			path = EuroExchange;
			sourceTree = "<group>";
		};
		564D64A92A5F1ACD007DF726 /* Controllers */ = {
			isa = PBXGroup;
			children = (
				56A62C3B2A764CF4003803DF /* CardViewControllers */,
				56A62C382A763B65003803DF /* MainViewControllers */,
				56A62C272A642F4C003803DF /* PageViewController */,
				56A62BF32A607593003803DF /* AuthenticationControllers */,
				56A62C342A763189003803DF /* WelcomeControllers */,
				56A62C352A7632B9003803DF /* ErrorViewController.swift */,
				5648BE222A8C089400F516F8 /* PinCodeViewController.swift */,
			);
			path = Controllers;
			sourceTree = "<group>";
		};
		564D64AA2A5F1AD9007DF726 /* other */ = {
			isa = PBXGroup;
			children = (
				564D64952A5F1A57007DF726 /* AppDelegate.swift */,
				564D64972A5F1A57007DF726 /* SceneDelegate.swift */,
			);
			path = other;
			sourceTree = "<group>";
		};
		564D64AB2A5F1AF4007DF726 /* Resources */ = {
			isa = PBXGroup;
			children = (
				56A62BF62A607B79003803DF /* Fonts */,
				564D64A02A5F1A58007DF726 /* LaunchScreen.storyboard */,
				564D649E2A5F1A58007DF726 /* Assets.xcassets */,
			);
			path = Resources;
			sourceTree = "<group>";
		};
		5685314B2AA71252009FE7DD /* Model */ = {
			isa = PBXGroup;
			children = (
				5685314C2AA71268009FE7DD /* CardUserData.swift */,
			);
			path = Model;
			sourceTree = "<group>";
		};
		56A62BEE2A5F297A003803DF /* Extension */ = {
			isa = PBXGroup;
			children = (
				56A62BEF2A5F2990003803DF /* gradiantExtension.swift */,
				56A62BF12A606115003803DF /* GradiantColorExtensions.swift */,
				56A62C2E2A72600E003803DF /* PaddingLabel.swift */,
				56A62C302A7536F8003803DF /* CheckBoxButton.swift */,
				568531252A975550009FE7DD /* LabelSpacingLetters.swift */,
			);
			path = Extension;
			sourceTree = "<group>";
		};
		56A62BF32A607593003803DF /* AuthenticationControllers */ = {
			isa = PBXGroup;
			children = (
				56A62BF42A6075AB003803DF /* RegistrationController.swift */,
				56A62C1D2A63C87D003803DF /* LoginViewController.swift */,
				568531722AA78491009FE7DD /* EnterLoginViewController.swift */,
				568531742AA78D51009FE7DD /* EnterRegistrationViewController.swift */,
			);
			path = AuthenticationControllers;
			sourceTree = "<group>";
		};
		56A62BF62A607B79003803DF /* Fonts */ = {
			isa = PBXGroup;
			children = (
				56A62BF82A607B9F003803DF /* PlusJakartaSans-Italic-VariableFont_wght.ttf */,
				56A62BFA2A607B9F003803DF /* PlusJakartaSans-MediumItalic.ttf */,
				56A62BFB2A607B9F003803DF /* PlusJakartaSans-Light.ttf */,
				56A62BFC2A607B9F003803DF /* PlusJakartaSans-Medium.ttf */,
				56A62BFD2A607B9F003803DF /* PlusJakartaSans-ExtraBoldItalic.ttf */,
				56A62BFE2A607B9F003803DF /* PlusJakartaSans-SemiBold.ttf */,
				56A62BFF2A607B9F003803DF /* PlusJakartaSans-SemiBoldItalic.ttf */,
				56A62C002A607B9F003803DF /* PlusJakartaSans-ExtraLightItalic.ttf */,
				56A62C012A607B9F003803DF /* PlusJakartaSans-Regular.ttf */,
				56A62C022A607B9F003803DF /* PlusJakartaSans-LightItalic.ttf */,
				56A62C032A607B9F003803DF /* PlusJakartaSans-Bold.ttf */,
				56A62C042A607B9F003803DF /* PlusJakartaSans-ExtraLight.ttf */,
				56A62C052A607B9F003803DF /* PlusJakartaSans-ExtraBold.ttf */,
				56A62C062A607B9F003803DF /* PlusJakartaSans-Italic.ttf */,
				56A62C072A607B9F003803DF /* PlusJakartaSans-BoldItalic.ttf */,
				56A62C472A769951003803DF /* Poppins-Medium.ttf */,
				56A62C462A769951003803DF /* Poppins-SemiBold.ttf */,
				56A62C4A2A769C67003803DF /* Poppins-Regular.ttf */,
				56A62C0A2A607B9F003803DF /* PlusJakartaSans-VariableFont_wght.ttf */,
			);
			path = Fonts;
			sourceTree = "<group>";
		};
		56A62C272A642F4C003803DF /* PageViewController */ = {
			isa = PBXGroup;
			children = (
				56A62C282A642F67003803DF /* WecomePageViewCobtroller.swift */,
				56A62C2A2A72598F003803DF /* WelcomeToExchangeViewController.swift */,
				56A62C2C2A725A73003803DF /* TermsAndConditionsViewController.swift */,
			);
			path = PageViewController;
			sourceTree = "<group>";
		};
		56A62C342A763189003803DF /* WelcomeControllers */ = {
			isa = PBXGroup;
			children = (
				564D64992A5F1A57007DF726 /* WelcomeViewContorller.swift */,
				56A62C1F2A63F444003803DF /* LoginAndEmailViewController.swift */,
				56A62C212A63F4F3003803DF /* PasswordChangedViewController.swift */,
				56A62C232A642A3D003803DF /* CreateAccountViewController.swift */,
				56A62C252A642C63003803DF /* PassViewController.swift */,
				56A62C322A754D0B003803DF /* LoadingViewController.swift */,
			);
			path = WelcomeControllers;
			sourceTree = "<group>";
		};
		56A62C382A763B65003803DF /* MainViewControllers */ = {
			isa = PBXGroup;
			children = (
				56A62C392A763B88003803DF /* MainToolBarViewController.swift */,
			);
			path = MainViewControllers;
			sourceTree = "<group>";
		};
		56A62C3B2A764CF4003803DF /* CardViewControllers */ = {
			isa = PBXGroup;
			children = (
				56A62C3C2A764D10003803DF /* AddNewCardViewController.swift */,
				561741E52A7F72CA00A236A9 /* ExchangeCurrency.swift */,
				56A1063C2A8171580076FA99 /* CardInfoViewController.swift */,
				56A106422A84EEA90076FA99 /* HomeViewController.swift */,
				56A106442A854D1D0076FA99 /* SettingViewController.swift */,
				56A106462A85F2DF0076FA99 /* CardsViewController.swift */,
			);
			path = CardViewControllers;
			sourceTree = "<group>";
		};
		56A62C3E2A76696D003803DF /* Views */ = {
			isa = PBXGroup;
			children = (
				56A62C3F2A76697A003803DF /* CardView.swift */,
				561741E72A7F956200A236A9 /* ExchangeCurrencyView.swift */,
				56A1063E2A8173930076FA99 /* CardInfoView.swift */,
				56A106402A817B060076FA99 /* RecentTransactionTableViewCell.swift */,
				56A106482A85F5990076FA99 /* littleCardsViews.swift */,
				568531232A925AB1009FE7DD /* pinCodeView.swift */,
			);
			path = Views;
			sourceTree = "<group>";
		};
/* End PBXGroup section */

/* Begin PBXNativeTarget section */
		564D64912A5F1A57007DF726 /* EuroExchange */ = {
			isa = PBXNativeTarget;
			buildConfigurationList = 564D64A62A5F1A58007DF726 /* Build configuration list for PBXNativeTarget "EuroExchange" */;
			buildPhases = (
				564D648E2A5F1A57007DF726 /* Sources */,
				564D648F2A5F1A57007DF726 /* Frameworks */,
				564D64902A5F1A57007DF726 /* Resources */,
			);
			buildRules = (
			);
			dependencies = (
			);
			name = EuroExchange;
			productName = EuroExchange;
			productReference = 564D64922A5F1A57007DF726 /* EuroExchange.app */;
			productType = "com.apple.product-type.application";
		};
/* End PBXNativeTarget section */

/* Begin PBXProject section */
		564D648A2A5F1A57007DF726 /* Project object */ = {
			isa = PBXProject;
			attributes = {
				BuildIndependentTargetsInParallel = 1;
				LastSwiftUpdateCheck = 1430;
				LastUpgradeCheck = 1430;
				TargetAttributes = {
					564D64912A5F1A57007DF726 = {
						CreatedOnToolsVersion = 14.3.1;
					};
				};
			};
			buildConfigurationList = 564D648D2A5F1A57007DF726 /* Build configuration list for PBXProject "EuroExchange" */;
			compatibilityVersion = "Xcode 14.0";
			developmentRegion = en;
			hasScannedForEncodings = 0;
			knownRegions = (
				en,
				Base,
			);
			mainGroup = 564D64892A5F1A57007DF726;
			productRefGroup = 564D64932A5F1A57007DF726 /* Products */;
			projectDirPath = "";
			projectRoot = "";
			targets = (
				564D64912A5F1A57007DF726 /* EuroExchange */,
			);
		};
/* End PBXProject section */

/* Begin PBXResourcesBuildPhase section */
		564D64902A5F1A57007DF726 /* Resources */ = {
			isa = PBXResourcesBuildPhase;
			buildActionMask = 2147483647;
			files = (
				56A62C182A607B9F003803DF /* PlusJakartaSans-Italic.ttf in Resources */,
				56A62C192A607B9F003803DF /* PlusJakartaSans-BoldItalic.ttf in Resources */,
				56A62C122A607B9F003803DF /* PlusJakartaSans-ExtraLightItalic.ttf in Resources */,
				56A62C0F2A607B9F003803DF /* PlusJakartaSans-ExtraBoldItalic.ttf in Resources */,
				56A62C162A607B9F003803DF /* PlusJakartaSans-ExtraLight.ttf in Resources */,
				56A62C482A769951003803DF /* Poppins-SemiBold.ttf in Resources */,
				564D64A22A5F1A58007DF726 /* LaunchScreen.storyboard in Resources */,
				56A62C0E2A607B9F003803DF /* PlusJakartaSans-Medium.ttf in Resources */,
				56A62C102A607B9F003803DF /* PlusJakartaSans-SemiBold.ttf in Resources */,
				56A62C4B2A769C67003803DF /* Poppins-Regular.ttf in Resources */,
				56A62C492A769951003803DF /* Poppins-Medium.ttf in Resources */,
				56A62C172A607B9F003803DF /* PlusJakartaSans-ExtraBold.ttf in Resources */,
				56A62C152A607B9F003803DF /* PlusJakartaSans-Bold.ttf in Resources */,
				56A62C142A607B9F003803DF /* PlusJakartaSans-LightItalic.ttf in Resources */,
				564D649F2A5F1A58007DF726 /* Assets.xcassets in Resources */,
				56A62C0C2A607B9F003803DF /* PlusJakartaSans-MediumItalic.ttf in Resources */,
				56A62C112A607B9F003803DF /* PlusJakartaSans-SemiBoldItalic.ttf in Resources */,
				56A62C0D2A607B9F003803DF /* PlusJakartaSans-Light.ttf in Resources */,
				56A62C0B2A607B9F003803DF /* PlusJakartaSans-Italic-VariableFont_wght.ttf in Resources */,
				56A62C132A607B9F003803DF /* PlusJakartaSans-Regular.ttf in Resources */,
				56A62C1C2A607B9F003803DF /* PlusJakartaSans-VariableFont_wght.ttf in Resources */,
			);
			runOnlyForDeploymentPostprocessing = 0;
		};
/* End PBXResourcesBuildPhase section */

/* Begin PBXSourcesBuildPhase section */
		564D648E2A5F1A57007DF726 /* Sources */ = {
			isa = PBXSourcesBuildPhase;
			buildActionMask = 2147483647;
			files = (
				56A106492A85F5990076FA99 /* littleCardsViews.swift in Sources */,
				56A62C242A642A3D003803DF /* CreateAccountViewController.swift in Sources */,
				568531732AA78491009FE7DD /* EnterLoginViewController.swift in Sources */,
				56A62C1E2A63C87D003803DF /* LoginViewController.swift in Sources */,
				56A62C332A754D0B003803DF /* LoadingViewController.swift in Sources */,
				564D649A2A5F1A57007DF726 /* WelcomeViewContorller.swift in Sources */,
				56A1063F2A8173930076FA99 /* CardInfoView.swift in Sources */,
				56A62C2B2A72598F003803DF /* WelcomeToExchangeViewController.swift in Sources */,
				56A62C3D2A764D10003803DF /* AddNewCardViewController.swift in Sources */,
				561741E82A7F956200A236A9 /* ExchangeCurrencyView.swift in Sources */,
				568531242A925AB1009FE7DD /* pinCodeView.swift in Sources */,
				56A62BF02A5F2990003803DF /* gradiantExtension.swift in Sources */,
				56A62C402A76697A003803DF /* CardView.swift in Sources */,
				564D64962A5F1A57007DF726 /* AppDelegate.swift in Sources */,
				56A106472A85F2DF0076FA99 /* CardsViewController.swift in Sources */,
				561741E62A7F72CA00A236A9 /* ExchangeCurrency.swift in Sources */,
				56A62C362A7632B9003803DF /* ErrorViewController.swift in Sources */,
				56A62C2F2A72600E003803DF /* PaddingLabel.swift in Sources */,
				56A106432A84EEA90076FA99 /* HomeViewController.swift in Sources */,
				56A62C292A642F67003803DF /* WecomePageViewCobtroller.swift in Sources */,
				56A62BF22A606115003803DF /* GradiantColorExtensions.swift in Sources */,
				5648BE232A8C089400F516F8 /* PinCodeViewController.swift in Sources */,
				56A62C3A2A763B88003803DF /* MainToolBarViewController.swift in Sources */,
				56A62C262A642C63003803DF /* PassViewController.swift in Sources */,
				56A106452A854D1D0076FA99 /* SettingViewController.swift in Sources */,
				568531752AA78D51009FE7DD /* EnterRegistrationViewController.swift in Sources */,
				56A62C202A63F444003803DF /* LoginAndEmailViewController.swift in Sources */,
				568531262A975550009FE7DD /* LabelSpacingLetters.swift in Sources */,
				5685314D2AA71268009FE7DD /* CardUserData.swift in Sources */,
				56A106412A817B060076FA99 /* RecentTransactionTableViewCell.swift in Sources */,
				56A62BF52A6075AB003803DF /* RegistrationController.swift in Sources */,
				56A62C222A63F4F3003803DF /* PasswordChangedViewController.swift in Sources */,
				56A1063D2A8171580076FA99 /* CardInfoViewController.swift in Sources */,
				56A62C2D2A725A73003803DF /* TermsAndConditionsViewController.swift in Sources */,
				564D64982A5F1A57007DF726 /* SceneDelegate.swift in Sources */,
				56A62C312A7536F8003803DF /* CheckBoxButton.swift in Sources */,
			);
			runOnlyForDeploymentPostprocessing = 0;
		};
/* End PBXSourcesBuildPhase section */

/* Begin PBXVariantGroup section */
		564D64A02A5F1A58007DF726 /* LaunchScreen.storyboard */ = {
			isa = PBXVariantGroup;
			children = (
				564D64A12A5F1A58007DF726 /* Base */,
			);
			name = LaunchScreen.storyboard;
			sourceTree = "<group>";
		};
/* End PBXVariantGroup section */

/* Begin XCBuildConfiguration section */
		564D64A42A5F1A58007DF726 /* Debug */ = {
			isa = XCBuildConfiguration;
			buildSettings = {
				ALWAYS_SEARCH_USER_PATHS = NO;
				CLANG_ANALYZER_NONNULL = YES;
				CLANG_ANALYZER_NUMBER_OBJECT_CONVERSION = YES_AGGRESSIVE;
				CLANG_CXX_LANGUAGE_STANDARD = "gnu++20";
				CLANG_ENABLE_MODULES = YES;
				CLANG_ENABLE_OBJC_ARC = YES;
				CLANG_ENABLE_OBJC_WEAK = YES;
				CLANG_WARN_BLOCK_CAPTURE_AUTORELEASING = YES;
				CLANG_WARN_BOOL_CONVERSION = YES;
				CLANG_WARN_COMMA = YES;
				CLANG_WARN_CONSTANT_CONVERSION = YES;
				CLANG_WARN_DEPRECATED_OBJC_IMPLEMENTATIONS = YES;
				CLANG_WARN_DIRECT_OBJC_ISA_USAGE = YES_ERROR;
				CLANG_WARN_DOCUMENTATION_COMMENTS = YES;
				CLANG_WARN_EMPTY_BODY = YES;
				CLANG_WARN_ENUM_CONVERSION = YES;
				CLANG_WARN_INFINITE_RECURSION = YES;
				CLANG_WARN_INT_CONVERSION = YES;
				CLANG_WARN_NON_LITERAL_NULL_CONVERSION = YES;
				CLANG_WARN_OBJC_IMPLICIT_RETAIN_SELF = YES;
				CLANG_WARN_OBJC_LITERAL_CONVERSION = YES;
				CLANG_WARN_OBJC_ROOT_CLASS = YES_ERROR;
				CLANG_WARN_QUOTED_INCLUDE_IN_FRAMEWORK_HEADER = YES;
				CLANG_WARN_RANGE_LOOP_ANALYSIS = YES;
				CLANG_WARN_STRICT_PROTOTYPES = YES;
				CLANG_WARN_SUSPICIOUS_MOVE = YES;
				CLANG_WARN_UNGUARDED_AVAILABILITY = YES_AGGRESSIVE;
				CLANG_WARN_UNREACHABLE_CODE = YES;
				CLANG_WARN__DUPLICATE_METHOD_MATCH = YES;
				COPY_PHASE_STRIP = NO;
				DEBUG_INFORMATION_FORMAT = dwarf;
				ENABLE_STRICT_OBJC_MSGSEND = YES;
				ENABLE_TESTABILITY = YES;
				GCC_C_LANGUAGE_STANDARD = gnu11;
				GCC_DYNAMIC_NO_PIC = NO;
				GCC_NO_COMMON_BLOCKS = YES;
				GCC_OPTIMIZATION_LEVEL = 0;
				GCC_PREPROCESSOR_DEFINITIONS = (
					"DEBUG=1",
					"$(inherited)",
				);
				GCC_WARN_64_TO_32_BIT_CONVERSION = YES;
				GCC_WARN_ABOUT_RETURN_TYPE = YES_ERROR;
				GCC_WARN_UNDECLARED_SELECTOR = YES;
				GCC_WARN_UNINITIALIZED_AUTOS = YES_AGGRESSIVE;
				GCC_WARN_UNUSED_FUNCTION = YES;
				GCC_WARN_UNUSED_VARIABLE = YES;
				IPHONEOS_DEPLOYMENT_TARGET = 16.4;
				MTL_ENABLE_DEBUG_INFO = INCLUDE_SOURCE;
				MTL_FAST_MATH = YES;
				ONLY_ACTIVE_ARCH = YES;
				SDKROOT = iphoneos;
				SWIFT_ACTIVE_COMPILATION_CONDITIONS = DEBUG;
				SWIFT_OPTIMIZATION_LEVEL = "-Onone";
			};
			name = Debug;
		};
		564D64A52A5F1A58007DF726 /* Release */ = {
			isa = XCBuildConfiguration;
			buildSettings = {
				ALWAYS_SEARCH_USER_PATHS = NO;
				CLANG_ANALYZER_NONNULL = YES;
				CLANG_ANALYZER_NUMBER_OBJECT_CONVERSION = YES_AGGRESSIVE;
				CLANG_CXX_LANGUAGE_STANDARD = "gnu++20";
				CLANG_ENABLE_MODULES = YES;
				CLANG_ENABLE_OBJC_ARC = YES;
				CLANG_ENABLE_OBJC_WEAK = YES;
				CLANG_WARN_BLOCK_CAPTURE_AUTORELEASING = YES;
				CLANG_WARN_BOOL_CONVERSION = YES;
				CLANG_WARN_COMMA = YES;
				CLANG_WARN_CONSTANT_CONVERSION = YES;
				CLANG_WARN_DEPRECATED_OBJC_IMPLEMENTATIONS = YES;
				CLANG_WARN_DIRECT_OBJC_ISA_USAGE = YES_ERROR;
				CLANG_WARN_DOCUMENTATION_COMMENTS = YES;
				CLANG_WARN_EMPTY_BODY = YES;
				CLANG_WARN_ENUM_CONVERSION = YES;
				CLANG_WARN_INFINITE_RECURSION = YES;
				CLANG_WARN_INT_CONVERSION = YES;
				CLANG_WARN_NON_LITERAL_NULL_CONVERSION = YES;
				CLANG_WARN_OBJC_IMPLICIT_RETAIN_SELF = YES;
				CLANG_WARN_OBJC_LITERAL_CONVERSION = YES;
				CLANG_WARN_OBJC_ROOT_CLASS = YES_ERROR;
				CLANG_WARN_QUOTED_INCLUDE_IN_FRAMEWORK_HEADER = YES;
				CLANG_WARN_RANGE_LOOP_ANALYSIS = YES;
				CLANG_WARN_STRICT_PROTOTYPES = YES;
				CLANG_WARN_SUSPICIOUS_MOVE = YES;
				CLANG_WARN_UNGUARDED_AVAILABILITY = YES_AGGRESSIVE;
				CLANG_WARN_UNREACHABLE_CODE = YES;
				CLANG_WARN__DUPLICATE_METHOD_MATCH = YES;
				COPY_PHASE_STRIP = NO;
				DEBUG_INFORMATION_FORMAT = "dwarf-with-dsym";
				ENABLE_NS_ASSERTIONS = NO;
				ENABLE_STRICT_OBJC_MSGSEND = YES;
				GCC_C_LANGUAGE_STANDARD = gnu11;
				GCC_NO_COMMON_BLOCKS = YES;
				GCC_WARN_64_TO_32_BIT_CONVERSION = YES;
				GCC_WARN_ABOUT_RETURN_TYPE = YES_ERROR;
				GCC_WARN_UNDECLARED_SELECTOR = YES;
				GCC_WARN_UNINITIALIZED_AUTOS = YES_AGGRESSIVE;
				GCC_WARN_UNUSED_FUNCTION = YES;
				GCC_WARN_UNUSED_VARIABLE = YES;
				IPHONEOS_DEPLOYMENT_TARGET = 16.4;
				MTL_ENABLE_DEBUG_INFO = NO;
				MTL_FAST_MATH = YES;
				SDKROOT = iphoneos;
				SWIFT_COMPILATION_MODE = wholemodule;
				SWIFT_OPTIMIZATION_LEVEL = "-O";
				VALIDATE_PRODUCT = YES;
			};
			name = Release;
		};
		564D64A72A5F1A58007DF726 /* Debug */ = {
			isa = XCBuildConfiguration;
			buildSettings = {
				ASSETCATALOG_COMPILER_APPICON_NAME = AppIcon;
				ASSETCATALOG_COMPILER_GLOBAL_ACCENT_COLOR_NAME = AccentColor;
				CODE_SIGN_STYLE = Automatic;
				CURRENT_PROJECT_VERSION = 1;
				GENERATE_INFOPLIST_FILE = YES;
				INFOPLIST_FILE = EuroExchange/Info.plist;
				INFOPLIST_KEY_UIApplicationSupportsIndirectInputEvents = YES;
				INFOPLIST_KEY_UILaunchStoryboardName = LaunchScreen;
				INFOPLIST_KEY_UISupportedInterfaceOrientations_iPad = "UIInterfaceOrientationPortrait UIInterfaceOrientationPortraitUpsideDown UIInterfaceOrientationLandscapeLeft UIInterfaceOrientationLandscapeRight";
				INFOPLIST_KEY_UISupportedInterfaceOrientations_iPhone = "UIInterfaceOrientationPortrait UIInterfaceOrientationLandscapeLeft UIInterfaceOrientationLandscapeRight";
				IPHONEOS_DEPLOYMENT_TARGET = 13.0;
				LD_RUNPATH_SEARCH_PATHS = (
					"$(inherited)",
					"@executable_path/Frameworks",
				);
				MARKETING_VERSION = 1.0;
				PRODUCT_BUNDLE_IDENTIFIER = "Altynbek-Dimoon.test.EuroExchange";
				PRODUCT_NAME = "$(TARGET_NAME)";
				SWIFT_EMIT_LOC_STRINGS = YES;
				SWIFT_VERSION = 5.0;
				TARGETED_DEVICE_FAMILY = "1,2";
			};
			name = Debug;
		};
		564D64A82A5F1A58007DF726 /* Release */ = {
			isa = XCBuildConfiguration;
			buildSettings = {
				ASSETCATALOG_COMPILER_APPICON_NAME = AppIcon;
				ASSETCATALOG_COMPILER_GLOBAL_ACCENT_COLOR_NAME = AccentColor;
				CODE_SIGN_STYLE = Automatic;
				CURRENT_PROJECT_VERSION = 1;
				GENERATE_INFOPLIST_FILE = YES;
				INFOPLIST_FILE = EuroExchange/Info.plist;
				INFOPLIST_KEY_UIApplicationSupportsIndirectInputEvents = YES;
				INFOPLIST_KEY_UILaunchStoryboardName = LaunchScreen;
				INFOPLIST_KEY_UISupportedInterfaceOrientations_iPad = "UIInterfaceOrientationPortrait UIInterfaceOrientationPortraitUpsideDown UIInterfaceOrientationLandscapeLeft UIInterfaceOrientationLandscapeRight";
				INFOPLIST_KEY_UISupportedInterfaceOrientations_iPhone = "UIInterfaceOrientationPortrait UIInterfaceOrientationLandscapeLeft UIInterfaceOrientationLandscapeRight";
				IPHONEOS_DEPLOYMENT_TARGET = 13.0;
				LD_RUNPATH_SEARCH_PATHS = (
					"$(inherited)",
					"@executable_path/Frameworks",
				);
				MARKETING_VERSION = 1.0;
				PRODUCT_BUNDLE_IDENTIFIER = "Altynbek-Dimoon.test.EuroExchange";
				PRODUCT_NAME = "$(TARGET_NAME)";
				SWIFT_EMIT_LOC_STRINGS = YES;
				SWIFT_VERSION = 5.0;
				TARGETED_DEVICE_FAMILY = "1,2";
			};
			name = Release;
		};
/* End XCBuildConfiguration section */

/* Begin XCConfigurationList section */
		564D648D2A5F1A57007DF726 /* Build configuration list for PBXProject "EuroExchange" */ = {
			isa = XCConfigurationList;
			buildConfigurations = (
				564D64A42A5F1A58007DF726 /* Debug */,
				564D64A52A5F1A58007DF726 /* Release */,
			);
			defaultConfigurationIsVisible = 0;
			defaultConfigurationName = Release;
		};
		564D64A62A5F1A58007DF726 /* Build configuration list for PBXNativeTarget "EuroExchange" */ = {
			isa = XCConfigurationList;
			buildConfigurations = (
				564D64A72A5F1A58007DF726 /* Debug */,
				564D64A82A5F1A58007DF726 /* Release */,
			);
			defaultConfigurationIsVisible = 0;
			defaultConfigurationName = Release;
		};
/* End XCConfigurationList section */
	};
	rootObject = 564D648A2A5F1A57007DF726 /* Project object */;
}
